# THIS IS AN AUTOGENERATED FILE. DO NOT EDIT THIS FILE DIRECTLY.
# yarn lockfile v1


"@types/material-ui@^0.18.3":
  version "0.18.3"
  resolved "https://registry.yarnpkg.com/@types/material-ui/-/material-ui-0.18.3.tgz#3a2a9fc81e57799419d8a58137800cd803d64a76"
  dependencies:
    "@types/react" "*"
    "@types/react-addons-linked-state-mixin" "*"

"@types/react-addons-linked-state-mixin@*":
  version "0.14.18"
  resolved "https://registry.yarnpkg.com/@types/react-addons-linked-state-mixin/-/react-addons-linked-state-mixin-0.14.18.tgz#6977ae59e19aa0ce3a5d7a9e057961aaf1afe959"
  dependencies:
    "@types/react" "*"

"@types/react@*":
  version "16.0.18"
  resolved "https://registry.yarnpkg.com/@types/react/-/react-16.0.18.tgz#c08eea79ada55bf10b5353e18c21797dd17afa23"
